
Microsoft Visual Studio Solution File, Format Version 12.00
# Visual Studio Version 16
VisualStudioVersion = 16.0.31005.135
MinimumVisualStudioVersion = 10.0.40219.1
Project("{FAE04EC0-301F-11D3-BF4B-00C04F79EFBC}") = "ToivonKipinä", "ToivonKipinä\ToivonKipinä.csproj", "{A82950A4-1190-45EF-8863-A844EC5E7F5A}"
EndProject
Global
	GlobalSection(SolutionConfigurationPlatforms) = preSolution
		Debug|Any CPU = Debug|Any CPU
		Release|Any CPU = Release|Any CPU
	EndGlobalSection
	GlobalSection(ProjectConfigurationPlatforms) = postSolution
		{A82950A4-1190-45EF-8863-A844EC5E7F5A}.Debug|Any CPU.ActiveCfg = Debug|Any CPU
		{A82950A4-1190-45EF-8863-A844EC5E7F5A}.Debug|Any CPU.Build.0 = Debug|Any CPU
		{A82950A4-1190-45EF-8863-A844EC5E7F5A}.Release|Any CPU.ActiveCfg = Release|Any CPU
		{A82950A4-1190-45EF-8863-A844EC5E7F5A}.Release|Any CPU.Build.0 = Release|Any CPU
	EndGlobalSection
	GlobalSection(SolutionProperties) = preSolution
		HideSolutionNode = FALSE
	EndGlobalSection
	GlobalSection(ExtensibilityGlobals) = postSolution
		SolutionGuid = {00CC54F7-0D9A-4552-9F5F-FDE03E6541DB}
	EndGlobalSection
EndGlobal
